
Microsoft Visual Studio Solution File, Format Version 12.00
# Visual Studio Version 17
VisualStudioVersion = 17.8.34511.84
MinimumVisualStudioVersion = 10.0.40219.1
Project("{778DAE3C-4631-46EA-AA77-85C1314464D9}") = "SELF CHECKOUT SYSTEM", "SELF CHECKOUT SYSTEM\SELF CHECKOUT SYSTEM.vbproj", "{95626474-34C4-48DE-8E3A-06C3DB10C997}"
EndProject
Global
	GlobalSection(SolutionConfigurationPlatforms) = preSolution
		Debug|Any CPU = Debug|Any CPU
		Release|Any CPU = Release|Any CPU
	EndGlobalSection
	GlobalSection(ProjectConfigurationPlatforms) = postSolution
		{95626474-34C4-48DE-8E3A-06C3DB10C997}.Debug|Any CPU.ActiveCfg = Debug|Any CPU
		{95626474-34C4-48DE-8E3A-06C3DB10C997}.Debug|Any CPU.Build.0 = Debug|Any CPU
		{95626474-34C4-48DE-8E3A-06C3DB10C997}.Release|Any CPU.ActiveCfg = Release|Any CPU
		{95626474-34C4-48DE-8E3A-06C3DB10C997}.Release|Any CPU.Build.0 = Release|Any CPU
	EndGlobalSection
	GlobalSection(SolutionProperties) = preSolution
		HideSolutionNode = FALSE
	EndGlobalSection
	GlobalSection(ExtensibilityGlobals) = postSolution
		SolutionGuid = {BB126656-5832-43DE-ADAA-C03B3E29FE88}
	EndGlobalSection
EndGlobal
